
Microsoft Visual Studio Solution File, Format Version 12.00
# Visual Studio 2017
Project("{FAE04EC0-301F-11D3-BF4B-00C04F79EFBC}") = "SW2T20", "SW2T20.csproj", "{63525E51-6F56-48CC-4BAB-827937C41D89}"
EndProject
Global
	GlobalSection(SolutionConfigurationPlatforms) = preSolution
		Debug|Any CPU = Debug|Any CPU
		Release|Any CPU = Release|Any CPU
	EndGlobalSection
	GlobalSection(ProjectConfigurationPlatforms) = postSolution
		{63525E51-6F56-48CC-4BAB-827937C41D89}.Debug|Any CPU.ActiveCfg = Debug|Any CPU
		{63525E51-6F56-48CC-4BAB-827937C41D89}.Debug|Any CPU.Build.0 = Debug|Any CPU
		{63525E51-6F56-48CC-4BAB-827937C41D89}.Release|Any CPU.ActiveCfg = Release|Any CPU
		{63525E51-6F56-48CC-4BAB-827937C41D89}.Release|Any CPU.Build.0 = Release|Any CPU
	EndGlobalSection
	GlobalSection(SolutionProperties) = preSolution
		HideSolutionNode = FALSE
	EndGlobalSection
EndGlobal
